// !$*UTF8*$!
{
	archiveVersion = 1;
	classes = {
	};
	objectVersion = 56;
	objects = {

/* Begin PBXBuildFile section */
		5CEDDD722AFDBB490027C18A /* EyeDeeApp.swift in Sources */ = {isa = PBXBuildFile; fileRef = 5CEDDD712AFDBB490027C18A /* EyeDeeApp.swift */; };
		5CEDDD742AFDBB490027C18A /* DocumentList.swift in Sources */ = {isa = PBXBuildFile; fileRef = 5CEDDD732AFDBB490027C18A /* DocumentList.swift */; };
		5CEDDD762AFDBB4D0027C18A /* Assets.xcassets in Resources */ = {isa = PBXBuildFile; fileRef = 5CEDDD752AFDBB4D0027C18A /* Assets.xcassets */; };
		5CEDDD792AFDBB4D0027C18A /* Preview Assets.xcassets in Resources */ = {isa = PBXBuildFile; fileRef = 5CEDDD782AFDBB4D0027C18A /* Preview Assets.xcassets */; };
		5CEDDD802AFDBB590027C18A /* Models.swift in Sources */ = {isa = PBXBuildFile; fileRef = 5CEDDD7F2AFDBB590027C18A /* Models.swift */; };
		5CEDDD822AFDBE9F0027C18A /* ContentView.swift in Sources */ = {isa = PBXBuildFile; fileRef = 5CEDDD812AFDBE9F0027C18A /* ContentView.swift */; };
		5CEDDD842AFDBF750027C18A /* DocumentViewer.swift in Sources */ = {isa = PBXBuildFile; fileRef = 5CEDDD832AFDBF750027C18A /* DocumentViewer.swift */; };
		5CEDDD862AFDBFF80027C18A /* Binding+Optional.swift in Sources */ = {isa = PBXBuildFile; fileRef = 5CEDDD852AFDBFF80027C18A /* Binding+Optional.swift */; };
/* End PBXBuildFile section */

/* Begin PBXFileReference section */
		5CEDDD6E2AFDBB490027C18A /* EyeDee.app */ = {isa = PBXFileReference; explicitFileType = wrapper.application; includeInIndex = 0; path = EyeDee.app; sourceTree = BUILT_PRODUCTS_DIR; };
		5CEDDD712AFDBB490027C18A /* EyeDeeApp.swift */ = {isa = PBXFileReference; lastKnownFileType = sourcecode.swift; path = EyeDeeApp.swift; sourceTree = "<group>"; };
		5CEDDD732AFDBB490027C18A /* DocumentList.swift */ = {isa = PBXFileReference; lastKnownFileType = sourcecode.swift; path = DocumentList.swift; sourceTree = "<group>"; };
		5CEDDD752AFDBB4D0027C18A /* Assets.xcassets */ = {isa = PBXFileReference; lastKnownFileType = folder.assetcatalog; path = Assets.xcassets; sourceTree = "<group>"; };
		5CEDDD782AFDBB4D0027C18A /* Preview Assets.xcassets */ = {isa = PBXFileReference; lastKnownFileType = folder.assetcatalog; path = "Preview Assets.xcassets"; sourceTree = "<group>"; };
		5CEDDD7F2AFDBB590027C18A /* Models.swift */ = {isa = PBXFileReference; lastKnownFileType = sourcecode.swift; path = Models.swift; sourceTree = "<group>"; };
		5CEDDD812AFDBE9F0027C18A /* ContentView.swift */ = {isa = PBXFileReference; lastKnownFileType = sourcecode.swift; path = ContentView.swift; sourceTree = "<group>"; };
		5CEDDD832AFDBF750027C18A /* DocumentViewer.swift */ = {isa = PBXFileReference; lastKnownFileType = sourcecode.swift; path = DocumentViewer.swift; sourceTree = "<group>"; };
		5CEDDD852AFDBFF80027C18A /* Binding+Optional.swift */ = {isa = PBXFileReference; lastKnownFileType = sourcecode.swift; path = "Binding+Optional.swift"; sourceTree = "<group>"; };
/* End PBXFileReference section */

/* Begin PBXFrameworksBuildPhase section */
		5CEDDD6B2AFDBB490027C18A /* Frameworks */ = {
			isa = PBXFrameworksBuildPhase;
			buildActionMask = 2147483647;
			files = (
			);
			runOnlyForDeploymentPostprocessing = 0;
		};
/* End PBXFrameworksBuildPhase section */

/* Begin PBXGroup section */
		5CDBD8012AFDD93900344F4C /* Views */ = {
			isa = PBXGroup;
			children = (
				5CEDDD812AFDBE9F0027C18A /* ContentView.swift */,
				5CEDDD832AFDBF750027C18A /* DocumentViewer.swift */,
				5CEDDD732AFDBB490027C18A /* DocumentList.swift */,
			);
			path = Views;
			sourceTree = "<group>";
		};
		5CEDDD652AFDBB490027C18A = {
			isa = PBXGroup;
			children = (
				5CEDDD702AFDBB490027C18A /* EyeDee */,
				5CEDDD6F2AFDBB490027C18A /* Products */,
			);
			sourceTree = "<group>";
		};
		5CEDDD6F2AFDBB490027C18A /* Products */ = {
			isa = PBXGroup;
			children = (
				5CEDDD6E2AFDBB490027C18A /* EyeDee.app */,
			);
			name = Products;
			sourceTree = "<group>";
		};
		5CEDDD702AFDBB490027C18A /* EyeDee */ = {
			isa = PBXGroup;
			children = (
				5CEDDD712AFDBB490027C18A /* EyeDeeApp.swift */,
				5CEDDD7F2AFDBB590027C18A /* Models.swift */,
				5CDBD8012AFDD93900344F4C /* Views */,
				5CEDDD872AFDC4930027C18A /* Extensions */,
				5CEDDD752AFDBB4D0027C18A /* Assets.xcassets */,
				5CEDDD772AFDBB4D0027C18A /* Preview Content */,
			);
			path = EyeDee;
			sourceTree = "<group>";
		};
		5CEDDD772AFDBB4D0027C18A /* Preview Content */ = {
			isa = PBXGroup;
			children = (
				5CEDDD782AFDBB4D0027C18A /* Preview Assets.xcassets */,
			);
			path = "Preview Content";
			sourceTree = "<group>";
		};
		5CEDDD872AFDC4930027C18A /* Extensions */ = {
			isa = PBXGroup;
			children = (
				5CEDDD852AFDBFF80027C18A /* Binding+Optional.swift */,
			);
			path = Extensions;
			sourceTree = "<group>";
		};
/* End PBXGroup section */

/* Begin PBXNativeTarget section */
		5CEDDD6D2AFDBB490027C18A /* EyeDee */ = {
			isa = PBXNativeTarget;
			buildConfigurationList = 5CEDDD7C2AFDBB4D0027C18A /* Build configuration list for PBXNativeTarget "EyeDee" */;
			buildPhases = (
				5CEDDD6A2AFDBB490027C18A /* Sources */,
				5CEDDD6B2AFDBB490027C18A /* Frameworks */,
				5CEDDD6C2AFDBB490027C18A /* Resources */,
			);
			buildRules = (
			);
			dependencies = (
			);
			name = EyeDee;
			productName = EyeDee;
			productReference = 5CEDDD6E2AFDBB490027C18A /* EyeDee.app */;
			productType = "com.apple.product-type.application";
		};
/* End PBXNativeTarget section */

/* Begin PBXProject section */
		5CEDDD662AFDBB490027C18A /* Project object */ = {
			isa = PBXProject;
			attributes = {
				BuildIndependentTargetsInParallel = 1;
				LastSwiftUpdateCheck = 1500;
				LastUpgradeCheck = 1500;
				TargetAttributes = {
					5CEDDD6D2AFDBB490027C18A = {
						CreatedOnToolsVersion = 15.0;
					};
				};
			};
			buildConfigurationList = 5CEDDD692AFDBB490027C18A /* Build configuration list for PBXProject "EyeDee" */;
			compatibilityVersion = "Xcode 14.0";
			developmentRegion = en;
			hasScannedForEncodings = 0;
			knownRegions = (
				en,
				Base,
			);
			mainGroup = 5CEDDD652AFDBB490027C18A;
			productRefGroup = 5CEDDD6F2AFDBB490027C18A /* Products */;
			projectDirPath = "";
			projectRoot = "";
			targets = (
				5CEDDD6D2AFDBB490027C18A /* EyeDee */,
			);
		};
/* End PBXProject section */

/* Begin PBXResourcesBuildPhase section */
		5CEDDD6C2AFDBB490027C18A /* Resources */ = {
			isa = PBXResourcesBuildPhase;
			buildActionMask = 2147483647;
			files = (
				5CEDDD792AFDBB4D0027C18A /* Preview Assets.xcassets in Resources */,
				5CEDDD762AFDBB4D0027C18A /* Assets.xcassets in Resources */,
			);
			runOnlyForDeploymentPostprocessing = 0;
		};
/* End PBXResourcesBuildPhase section */

/* Begin PBXSourcesBuildPhase section */
		5CEDDD6A2AFDBB490027C18A /* Sources */ = {
			isa = PBXSourcesBuildPhase;
			buildActionMask = 2147483647;
			files = (
				5CEDDD802AFDBB590027C18A /* Models.swift in Sources */,
				5CEDDD742AFDBB490027C18A /* DocumentList.swift in Sources */,
				5CEDDD842AFDBF750027C18A /* DocumentViewer.swift in Sources */,
				5CEDDD822AFDBE9F0027C18A /* ContentView.swift in Sources */,
				5CEDDD722AFDBB490027C18A /* EyeDeeApp.swift in Sources */,
				5CEDDD862AFDBFF80027C18A /* Binding+Optional.swift in Sources */,
			);
			runOnlyForDeploymentPostprocessing = 0;
		};
/* End PBXSourcesBuildPhase section */

/* Begin XCBuildConfiguration section */
		5CEDDD7A2AFDBB4D0027C18A /* Debug */ = {
			isa = XCBuildConfiguration;
			buildSettings = {
				ALWAYS_SEARCH_USER_PATHS = NO;
				ASSETCATALOG_COMPILER_GENERATE_SWIFT_ASSET_SYMBOL_EXTENSIONS = YES;
				CLANG_ANALYZER_NONNULL = YES;
				CLANG_ANALYZER_NUMBER_OBJECT_CONVERSION = YES_AGGRESSIVE;
				CLANG_CXX_LANGUAGE_STANDARD = "gnu++20";
				CLANG_ENABLE_MODULES = YES;
				CLANG_ENABLE_OBJC_ARC = YES;
				CLANG_ENABLE_OBJC_WEAK = YES;
				CLANG_WARN_BLOCK_CAPTURE_AUTORELEASING = YES;
				CLANG_WARN_BOOL_CONVERSION = YES;
				CLANG_WARN_COMMA = YES;
				CLANG_WARN_CONSTANT_CONVERSION = YES;
				CLANG_WARN_DEPRECATED_OBJC_IMPLEMENTATIONS = YES;
				CLANG_WARN_DIRECT_OBJC_ISA_USAGE = YES_ERROR;
				CLANG_WARN_DOCUMENTATION_COMMENTS = YES;
				CLANG_WARN_EMPTY_BODY = YES;
				CLANG_WARN_ENUM_CONVERSION = YES;
				CLANG_WARN_INFINITE_RECURSION = YES;
				CLANG_WARN_INT_CONVERSION = YES;
				CLANG_WARN_NON_LITERAL_NULL_CONVERSION = YES;
				CLANG_WARN_OBJC_IMPLICIT_RETAIN_SELF = YES;
				CLANG_WARN_OBJC_LITERAL_CONVERSION = YES;
				CLANG_WARN_OBJC_ROOT_CLASS = YES_ERROR;
				CLANG_WARN_QUOTED_INCLUDE_IN_FRAMEWORK_HEADER = YES;
				CLANG_WARN_RANGE_LOOP_ANALYSIS = YES;
				CLANG_WARN_STRICT_PROTOTYPES = YES;
				CLANG_WARN_SUSPICIOUS_MOVE = YES;
				CLANG_WARN_UNGUARDED_AVAILABILITY = YES_AGGRESSIVE;
				CLANG_WARN_UNREACHABLE_CODE = YES;
				CLANG_WARN__DUPLICATE_METHOD_MATCH = YES;
				COPY_PHASE_STRIP = NO;
				DEBUG_INFORMATION_FORMAT = dwarf;
				ENABLE_STRICT_OBJC_MSGSEND = YES;
				ENABLE_TESTABILITY = YES;
				ENABLE_USER_SCRIPT_SANDBOXING = YES;
				GCC_C_LANGUAGE_STANDARD = gnu17;
				GCC_DYNAMIC_NO_PIC = NO;
				GCC_NO_COMMON_BLOCKS = YES;
				GCC_OPTIMIZATION_LEVEL = 0;
				GCC_PREPROCESSOR_DEFINITIONS = (
					"DEBUG=1",
					"$(inherited)",
				);
				GCC_WARN_64_TO_32_BIT_CONVERSION = YES;
				GCC_WARN_ABOUT_RETURN_TYPE = YES_ERROR;
				GCC_WARN_UNDECLARED_SELECTOR = YES;
				GCC_WARN_UNINITIALIZED_AUTOS = YES_AGGRESSIVE;
				GCC_WARN_UNUSED_FUNCTION = YES;
				GCC_WARN_UNUSED_VARIABLE = YES;
				IPHONEOS_DEPLOYMENT_TARGET = 17.0;
				LOCALIZATION_PREFERS_STRING_CATALOGS = YES;
				MTL_ENABLE_DEBUG_INFO = INCLUDE_SOURCE;
				MTL_FAST_MATH = YES;
				ONLY_ACTIVE_ARCH = YES;
				SDKROOT = iphoneos;
				SWIFT_ACTIVE_COMPILATION_CONDITIONS = "DEBUG $(inherited)";
				SWIFT_OPTIMIZATION_LEVEL = "-Onone";
			};
			name = Debug;
		};
		5CEDDD7B2AFDBB4D0027C18A /* Release */ = {
			isa = XCBuildConfiguration;
			buildSettings = {
				ALWAYS_SEARCH_USER_PATHS = NO;
				ASSETCATALOG_COMPILER_GENERATE_SWIFT_ASSET_SYMBOL_EXTENSIONS = YES;
				CLANG_ANALYZER_NONNULL = YES;
				CLANG_ANALYZER_NUMBER_OBJECT_CONVERSION = YES_AGGRESSIVE;
				CLANG_CXX_LANGUAGE_STANDARD = "gnu++20";
				CLANG_ENABLE_MODULES = YES;
				CLANG_ENABLE_OBJC_ARC = YES;
				CLANG_ENABLE_OBJC_WEAK = YES;
				CLANG_WARN_BLOCK_CAPTURE_AUTORELEASING = YES;
				CLANG_WARN_BOOL_CONVERSION = YES;
				CLANG_WARN_COMMA = YES;
				CLANG_WARN_CONSTANT_CONVERSION = YES;
				CLANG_WARN_DEPRECATED_OBJC_IMPLEMENTATIONS = YES;
				CLANG_WARN_DIRECT_OBJC_ISA_USAGE = YES_ERROR;
				CLANG_WARN_DOCUMENTATION_COMMENTS = YES;
				CLANG_WARN_EMPTY_BODY = YES;
				CLANG_WARN_ENUM_CONVERSION = YES;
				CLANG_WARN_INFINITE_RECURSION = YES;
				CLANG_WARN_INT_CONVERSION = YES;
				CLANG_WARN_NON_LITERAL_NULL_CONVERSION = YES;
				CLANG_WARN_OBJC_IMPLICIT_RETAIN_SELF = YES;
				CLANG_WARN_OBJC_LITERAL_CONVERSION = YES;
				CLANG_WARN_OBJC_ROOT_CLASS = YES_ERROR;
				CLANG_WARN_QUOTED_INCLUDE_IN_FRAMEWORK_HEADER = YES;
				CLANG_WARN_RANGE_LOOP_ANALYSIS = YES;
				CLANG_WARN_STRICT_PROTOTYPES = YES;
				CLANG_WARN_SUSPICIOUS_MOVE = YES;
				CLANG_WARN_UNGUARDED_AVAILABILITY = YES_AGGRESSIVE;
				CLANG_WARN_UNREACHABLE_CODE = YES;
				CLANG_WARN__DUPLICATE_METHOD_MATCH = YES;
				COPY_PHASE_STRIP = NO;
				DEBUG_INFORMATION_FORMAT = "dwarf-with-dsym";
				ENABLE_NS_ASSERTIONS = NO;
				ENABLE_STRICT_OBJC_MSGSEND = YES;
				ENABLE_USER_SCRIPT_SANDBOXING = YES;
				GCC_C_LANGUAGE_STANDARD = gnu17;
				GCC_NO_COMMON_BLOCKS = YES;
				GCC_WARN_64_TO_32_BIT_CONVERSION = YES;
				GCC_WARN_ABOUT_RETURN_TYPE = YES_ERROR;
				GCC_WARN_UNDECLARED_SELECTOR = YES;
				GCC_WARN_UNINITIALIZED_AUTOS = YES_AGGRESSIVE;
				GCC_WARN_UNUSED_FUNCTION = YES;
				GCC_WARN_UNUSED_VARIABLE = YES;
				IPHONEOS_DEPLOYMENT_TARGET = 17.0;
				LOCALIZATION_PREFERS_STRING_CATALOGS = YES;
				MTL_ENABLE_DEBUG_INFO = NO;
				MTL_FAST_MATH = YES;
				SDKROOT = iphoneos;
				SWIFT_COMPILATION_MODE = wholemodule;
				VALIDATE_PRODUCT = YES;
			};
			name = Release;
		};
		5CEDDD7D2AFDBB4D0027C18A /* Debug */ = {
			isa = XCBuildConfiguration;
			buildSettings = {
				ASSETCATALOG_COMPILER_APPICON_NAME = AppIcon;
				ASSETCATALOG_COMPILER_GLOBAL_ACCENT_COLOR_NAME = AccentColor;
				CODE_SIGN_STYLE = Automatic;
				CURRENT_PROJECT_VERSION = 1;
				DEVELOPMENT_ASSET_PATHS = "\"EyeDee/Preview Content\"";
				DEVELOPMENT_TEAM = 5KE88HWMKJ;
				ENABLE_PREVIEWS = YES;
				GENERATE_INFOPLIST_FILE = YES;
				INFOPLIST_KEY_UIApplicationSceneManifest_Generation = YES;
				INFOPLIST_KEY_UIApplicationSupportsIndirectInputEvents = YES;
				INFOPLIST_KEY_UILaunchScreen_Generation = YES;
				INFOPLIST_KEY_UISupportedInterfaceOrientations_iPad = "UIInterfaceOrientationPortrait UIInterfaceOrientationPortraitUpsideDown UIInterfaceOrientationLandscapeLeft UIInterfaceOrientationLandscapeRight";
				INFOPLIST_KEY_UISupportedInterfaceOrientations_iPhone = "UIInterfaceOrientationPortrait UIInterfaceOrientationLandscapeLeft UIInterfaceOrientationLandscapeRight";
				LD_RUNPATH_SEARCH_PATHS = (
					"$(inherited)",
					"@executable_path/Frameworks",
				);
				MARKETING_VERSION = 1.0;
				PRODUCT_BUNDLE_IDENTIFIER = com.zats.EyeDee;
				PRODUCT_NAME = "$(TARGET_NAME)";
				SWIFT_EMIT_LOC_STRINGS = YES;
				SWIFT_VERSION = 5.0;
				TARGETED_DEVICE_FAMILY = "1,2";
			};
			name = Debug;
		};
		5CEDDD7E2AFDBB4D0027C18A /* Release */ = {
			isa = XCBuildConfiguration;
			buildSettings = {
				ASSETCATALOG_COMPILER_APPICON_NAME = AppIcon;
				ASSETCATALOG_COMPILER_GLOBAL_ACCENT_COLOR_NAME = AccentColor;
				CODE_SIGN_STYLE = Automatic;
				CURRENT_PROJECT_VERSION = 1;
				DEVELOPMENT_ASSET_PATHS = "\"EyeDee/Preview Content\"";
				DEVELOPMENT_TEAM = 5KE88HWMKJ;
				ENABLE_PREVIEWS = YES;
				GENERATE_INFOPLIST_FILE = YES;
				INFOPLIST_KEY_UIApplicationSceneManifest_Generation = YES;
				INFOPLIST_KEY_UIApplicationSupportsIndirectInputEvents = YES;
				INFOPLIST_KEY_UILaunchScreen_Generation = YES;
				INFOPLIST_KEY_UISupportedInterfaceOrientations_iPad = "UIInterfaceOrientationPortrait UIInterfaceOrientationPortraitUpsideDown UIInterfaceOrientationLandscapeLeft UIInterfaceOrientationLandscapeRight";
				INFOPLIST_KEY_UISupportedInterfaceOrientations_iPhone = "UIInterfaceOrientationPortrait UIInterfaceOrientationLandscapeLeft UIInterfaceOrientationLandscapeRight";
				LD_RUNPATH_SEARCH_PATHS = (
					"$(inherited)",
					"@executable_path/Frameworks",
				);
				MARKETING_VERSION = 1.0;
				PRODUCT_BUNDLE_IDENTIFIER = com.zats.EyeDee;
				PRODUCT_NAME = "$(TARGET_NAME)";
				SWIFT_EMIT_LOC_STRINGS = YES;
				SWIFT_VERSION = 5.0;
				TARGETED_DEVICE_FAMILY = "1,2";
			};
			name = Release;
		};
/* End XCBuildConfiguration section */

/* Begin XCConfigurationList section */
		5CEDDD692AFDBB490027C18A /* Build configuration list for PBXProject "EyeDee" */ = {
			isa = XCConfigurationList;
			buildConfigurations = (
				5CEDDD7A2AFDBB4D0027C18A /* Debug */,
				5CEDDD7B2AFDBB4D0027C18A /* Release */,
			);
			defaultConfigurationIsVisible = 0;
			defaultConfigurationName = Release;
		};
		5CEDDD7C2AFDBB4D0027C18A /* Build configuration list for PBXNativeTarget "EyeDee" */ = {
			isa = XCConfigurationList;
			buildConfigurations = (
				5CEDDD7D2AFDBB4D0027C18A /* Debug */,
				5CEDDD7E2AFDBB4D0027C18A /* Release */,
			);
			defaultConfigurationIsVisible = 0;
			defaultConfigurationName = Release;
		};
/* End XCConfigurationList section */
	};
	rootObject = 5CEDDD662AFDBB490027C18A /* Project object */;
}
